
Microsoft Visual Studio Solution File, Format Version 12.00
# Visual Studio Version 17
VisualStudioVersion = 17.11.35312.102
MinimumVisualStudioVersion = 10.0.40219.1
Project("{FAE04EC0-301F-11D3-BF4B-00C04F79EFBC}") = "Core", "Core\Core.csproj", "{B33DA51C-FA76-4AB7-9565-1E6ABE889EEC}"
EndProject
Project("{FAE04EC0-301F-11D3-BF4B-00C04F79EFBC}") = "MyUI", "MyUI\MyUI.csproj", "{457BF357-259C-4866-8E26-F904E5CFBE2E}"
EndProject
Global
	GlobalSection(SolutionConfigurationPlatforms) = preSolution
		Debug|Any CPU = Debug|Any CPU
		Release|Any CPU = Release|Any CPU
	EndGlobalSection
	GlobalSection(ProjectConfigurationPlatforms) = postSolution
		{B33DA51C-FA76-4AB7-9565-1E6ABE889EEC}.Debug|Any CPU.ActiveCfg = Debug|Any CPU
		{B33DA51C-FA76-4AB7-9565-1E6ABE889EEC}.Debug|Any CPU.Build.0 = Debug|Any CPU
		{B33DA51C-FA76-4AB7-9565-1E6ABE889EEC}.Release|Any CPU.ActiveCfg = Release|Any CPU
		{B33DA51C-FA76-4AB7-9565-1E6ABE889EEC}.Release|Any CPU.Build.0 = Release|Any CPU
		{457BF357-259C-4866-8E26-F904E5CFBE2E}.Debug|Any CPU.ActiveCfg = Debug|Any CPU
		{457BF357-259C-4866-8E26-F904E5CFBE2E}.Debug|Any CPU.Build.0 = Debug|Any CPU
		{457BF357-259C-4866-8E26-F904E5CFBE2E}.Release|Any CPU.ActiveCfg = Release|Any CPU
		{457BF357-259C-4866-8E26-F904E5CFBE2E}.Release|Any CPU.Build.0 = Release|Any CPU
	EndGlobalSection
	GlobalSection(SolutionProperties) = preSolution
		HideSolutionNode = FALSE
	EndGlobalSection
	GlobalSection(ExtensibilityGlobals) = postSolution
		SolutionGuid = {B4312D88-7C8F-4330-A64E-2B8BEA1BD434}
	EndGlobalSection
EndGlobal
